// !$*UTF8*$!
{
	archiveVersion = 1;
	classes = {
	};
	objectVersion = 56;
	objects = {

/* Begin PBXBuildFile section */
		72254D002B72D95D006B3CE2 /* GoogleService-Info.plist in Resources */ = {isa = PBXBuildFile; fileRef = 72254CFF2B72D95D006B3CE2 /* GoogleService-Info.plist */; };
		72AAE8042B72BBAF0017D217 /* AppDelegate.swift in Sources */ = {isa = PBXBuildFile; fileRef = 72AAE8032B72BBAF0017D217 /* AppDelegate.swift */; };
		72AAE8062B72BBAF0017D217 /* SceneDelegate.swift in Sources */ = {isa = PBXBuildFile; fileRef = 72AAE8052B72BBAF0017D217 /* SceneDelegate.swift */; };
		72AAE8082B72BBAF0017D217 /* HomeViewController.swift in Sources */ = {isa = PBXBuildFile; fileRef = 72AAE8072B72BBAF0017D217 /* HomeViewController.swift */; };
		72AAE80B2B72BBAF0017D217 /* Main.storyboard in Resources */ = {isa = PBXBuildFile; fileRef = 72AAE8092B72BBAF0017D217 /* Main.storyboard */; };
		72AAE80D2B72BBB00017D217 /* Assets.xcassets in Resources */ = {isa = PBXBuildFile; fileRef = 72AAE80C2B72BBB00017D217 /* Assets.xcassets */; };
		72AAE8102B72BBB00017D217 /* LaunchScreen.storyboard in Resources */ = {isa = PBXBuildFile; fileRef = 72AAE80E2B72BBB00017D217 /* LaunchScreen.storyboard */; };
		72AAE81D2B72BD2E0017D217 /* ExploreViewController.swift in Sources */ = {isa = PBXBuildFile; fileRef = 72AAE81C2B72BD2E0017D217 /* ExploreViewController.swift */; };
		72AAE81F2B72BD450017D217 /* CameraViewController.swift in Sources */ = {isa = PBXBuildFile; fileRef = 72AAE81E2B72BD450017D217 /* CameraViewController.swift */; };
		72AAE8212B72BD540017D217 /* NotificationsViewController.swift in Sources */ = {isa = PBXBuildFile; fileRef = 72AAE8202B72BD540017D217 /* NotificationsViewController.swift */; };
		72AAE8232B72BD5F0017D217 /* ProfileViewController.swift in Sources */ = {isa = PBXBuildFile; fileRef = 72AAE8222B72BD5F0017D217 /* ProfileViewController.swift */; };
		72AAE8282B72BDE20017D217 /* LoginViewController.swift in Sources */ = {isa = PBXBuildFile; fileRef = 72AAE8272B72BDE20017D217 /* LoginViewController.swift */; };
		72AAE82B2B72BDFC0017D217 /* RegistrationViewController.swift in Sources */ = {isa = PBXBuildFile; fileRef = 72AAE82A2B72BDFC0017D217 /* RegistrationViewController.swift */; };
		72AAE82D2B72BE1C0017D217 /* PostViewController.swift in Sources */ = {isa = PBXBuildFile; fileRef = 72AAE82C2B72BE1C0017D217 /* PostViewController.swift */; };
		72AAE82F2B72BE3D0017D217 /* EditProfileViewController.swift in Sources */ = {isa = PBXBuildFile; fileRef = 72AAE82E2B72BE3D0017D217 /* EditProfileViewController.swift */; };
		72AAE8312B72BE4E0017D217 /* SettingsViewController.swift in Sources */ = {isa = PBXBuildFile; fileRef = 72AAE8302B72BE4E0017D217 /* SettingsViewController.swift */; };
		72AAE8332B72BE610017D217 /* ListViewController.swift in Sources */ = {isa = PBXBuildFile; fileRef = 72AAE8322B72BE610017D217 /* ListViewController.swift */; };
		72AAE8352B72BE730017D217 /* SearchViewController.swift in Sources */ = {isa = PBXBuildFile; fileRef = 72AAE8342B72BE730017D217 /* SearchViewController.swift */; };
		72AAE8372B72BE880017D217 /* SearchResultViewController.swift in Sources */ = {isa = PBXBuildFile; fileRef = 72AAE8362B72BE880017D217 /* SearchResultViewController.swift */; };
		72AAE8392B72BEA60017D217 /* PostEditorViewController.swift in Sources */ = {isa = PBXBuildFile; fileRef = 72AAE8382B72BEA60017D217 /* PostEditorViewController.swift */; };
		72AAE83B2B72BF460017D217 /* PublishPostViewController.swift in Sources */ = {isa = PBXBuildFile; fileRef = 72AAE83A2B72BF460017D217 /* PublishPostViewController.swift */; };
		72B6EE632B73FA55001C1B87 /* DatabaseManager.swift in Sources */ = {isa = PBXBuildFile; fileRef = 72B6EE622B73FA55001C1B87 /* DatabaseManager.swift */; };
		72B6EE652B73FB13001C1B87 /* AuthManager.swift in Sources */ = {isa = PBXBuildFile; fileRef = 72B6EE642B73FB13001C1B87 /* AuthManager.swift */; };
		72B6EE672B73FB62001C1B87 /* StorageManager.swift in Sources */ = {isa = PBXBuildFile; fileRef = 72B6EE662B73FB62001C1B87 /* StorageManager.swift */; };
		72B6EE692B740F15001C1B87 /* Extensions.swift in Sources */ = {isa = PBXBuildFile; fileRef = 72B6EE682B740F15001C1B87 /* Extensions.swift */; };
		D1A246ED1E618A2B0B61424D /* Pods_Everent.framework in Frameworks */ = {isa = PBXBuildFile; fileRef = F00D5AAB98C30DB724720710 /* Pods_Everent.framework */; };
/* End PBXBuildFile section */

/* Begin PBXFileReference section */
		72254CFF2B72D95D006B3CE2 /* GoogleService-Info.plist */ = {isa = PBXFileReference; fileEncoding = 4; lastKnownFileType = text.plist.xml; path = "GoogleService-Info.plist"; sourceTree = "<group>"; };
		72AAE8002B72BBAF0017D217 /* Everent.app */ = {isa = PBXFileReference; explicitFileType = wrapper.application; includeInIndex = 0; path = Everent.app; sourceTree = BUILT_PRODUCTS_DIR; };
		72AAE8032B72BBAF0017D217 /* AppDelegate.swift */ = {isa = PBXFileReference; lastKnownFileType = sourcecode.swift; path = AppDelegate.swift; sourceTree = "<group>"; };
		72AAE8052B72BBAF0017D217 /* SceneDelegate.swift */ = {isa = PBXFileReference; lastKnownFileType = sourcecode.swift; path = SceneDelegate.swift; sourceTree = "<group>"; };
		72AAE8072B72BBAF0017D217 /* HomeViewController.swift */ = {isa = PBXFileReference; lastKnownFileType = sourcecode.swift; path = HomeViewController.swift; sourceTree = "<group>"; };
		72AAE80A2B72BBAF0017D217 /* Base */ = {isa = PBXFileReference; lastKnownFileType = file.storyboard; name = Base; path = Base.lproj/Main.storyboard; sourceTree = "<group>"; };
		72AAE80C2B72BBB00017D217 /* Assets.xcassets */ = {isa = PBXFileReference; lastKnownFileType = folder.assetcatalog; path = Assets.xcassets; sourceTree = "<group>"; };
		72AAE80F2B72BBB00017D217 /* Base */ = {isa = PBXFileReference; lastKnownFileType = file.storyboard; name = Base; path = Base.lproj/LaunchScreen.storyboard; sourceTree = "<group>"; };
		72AAE8112B72BBB00017D217 /* Info.plist */ = {isa = PBXFileReference; lastKnownFileType = text.plist.xml; path = Info.plist; sourceTree = "<group>"; };
		72AAE81C2B72BD2E0017D217 /* ExploreViewController.swift */ = {isa = PBXFileReference; lastKnownFileType = sourcecode.swift; path = ExploreViewController.swift; sourceTree = "<group>"; };
		72AAE81E2B72BD450017D217 /* CameraViewController.swift */ = {isa = PBXFileReference; lastKnownFileType = sourcecode.swift; path = CameraViewController.swift; sourceTree = "<group>"; };
		72AAE8202B72BD540017D217 /* NotificationsViewController.swift */ = {isa = PBXFileReference; lastKnownFileType = sourcecode.swift; path = NotificationsViewController.swift; sourceTree = "<group>"; };
		72AAE8222B72BD5F0017D217 /* ProfileViewController.swift */ = {isa = PBXFileReference; lastKnownFileType = sourcecode.swift; path = ProfileViewController.swift; sourceTree = "<group>"; };
		72AAE8272B72BDE20017D217 /* LoginViewController.swift */ = {isa = PBXFileReference; lastKnownFileType = sourcecode.swift; path = LoginViewController.swift; sourceTree = "<group>"; };
		72AAE82A2B72BDFC0017D217 /* RegistrationViewController.swift */ = {isa = PBXFileReference; lastKnownFileType = sourcecode.swift; path = RegistrationViewController.swift; sourceTree = "<group>"; };
		72AAE82C2B72BE1C0017D217 /* PostViewController.swift */ = {isa = PBXFileReference; lastKnownFileType = sourcecode.swift; path = PostViewController.swift; sourceTree = "<group>"; };
		72AAE82E2B72BE3D0017D217 /* EditProfileViewController.swift */ = {isa = PBXFileReference; lastKnownFileType = sourcecode.swift; path = EditProfileViewController.swift; sourceTree = "<group>"; };
		72AAE8302B72BE4E0017D217 /* SettingsViewController.swift */ = {isa = PBXFileReference; lastKnownFileType = sourcecode.swift; path = SettingsViewController.swift; sourceTree = "<group>"; };
		72AAE8322B72BE610017D217 /* ListViewController.swift */ = {isa = PBXFileReference; lastKnownFileType = sourcecode.swift; path = ListViewController.swift; sourceTree = "<group>"; };
		72AAE8342B72BE730017D217 /* SearchViewController.swift */ = {isa = PBXFileReference; lastKnownFileType = sourcecode.swift; path = SearchViewController.swift; sourceTree = "<group>"; };
		72AAE8362B72BE880017D217 /* SearchResultViewController.swift */ = {isa = PBXFileReference; lastKnownFileType = sourcecode.swift; path = SearchResultViewController.swift; sourceTree = "<group>"; };
		72AAE8382B72BEA60017D217 /* PostEditorViewController.swift */ = {isa = PBXFileReference; lastKnownFileType = sourcecode.swift; path = PostEditorViewController.swift; sourceTree = "<group>"; };
		72AAE83A2B72BF460017D217 /* PublishPostViewController.swift */ = {isa = PBXFileReference; lastKnownFileType = sourcecode.swift; path = PublishPostViewController.swift; sourceTree = "<group>"; };
		72B6EE622B73FA55001C1B87 /* DatabaseManager.swift */ = {isa = PBXFileReference; lastKnownFileType = sourcecode.swift; path = DatabaseManager.swift; sourceTree = "<group>"; };
		72B6EE642B73FB13001C1B87 /* AuthManager.swift */ = {isa = PBXFileReference; lastKnownFileType = sourcecode.swift; path = AuthManager.swift; sourceTree = "<group>"; };
		72B6EE662B73FB62001C1B87 /* StorageManager.swift */ = {isa = PBXFileReference; lastKnownFileType = sourcecode.swift; path = StorageManager.swift; sourceTree = "<group>"; };
		72B6EE682B740F15001C1B87 /* Extensions.swift */ = {isa = PBXFileReference; lastKnownFileType = sourcecode.swift; path = Extensions.swift; sourceTree = "<group>"; };
		A4FA3C10C4C63B5842C24D1F /* Pods-Everent.release.xcconfig */ = {isa = PBXFileReference; includeInIndex = 1; lastKnownFileType = text.xcconfig; name = "Pods-Everent.release.xcconfig"; path = "Target Support Files/Pods-Everent/Pods-Everent.release.xcconfig"; sourceTree = "<group>"; };
		AA97A5AFA5F7E3B1C78B66EA /* Pods-Everent.debug.xcconfig */ = {isa = PBXFileReference; includeInIndex = 1; lastKnownFileType = text.xcconfig; name = "Pods-Everent.debug.xcconfig"; path = "Target Support Files/Pods-Everent/Pods-Everent.debug.xcconfig"; sourceTree = "<group>"; };
		F00D5AAB98C30DB724720710 /* Pods_Everent.framework */ = {isa = PBXFileReference; explicitFileType = wrapper.framework; includeInIndex = 0; path = Pods_Everent.framework; sourceTree = BUILT_PRODUCTS_DIR; };
/* End PBXFileReference section */

/* Begin PBXFrameworksBuildPhase section */
		72AAE7FD2B72BBAF0017D217 /* Frameworks */ = {
			isa = PBXFrameworksBuildPhase;
			buildActionMask = 2147483647;
			files = (
				D1A246ED1E618A2B0B61424D /* Pods_Everent.framework in Frameworks */,
			);
			runOnlyForDeploymentPostprocessing = 0;
		};
/* End PBXFrameworksBuildPhase section */

/* Begin PBXGroup section */
		1A2A2EB481BBA3051898B2AB /* Pods */ = {
			isa = PBXGroup;
			children = (
				AA97A5AFA5F7E3B1C78B66EA /* Pods-Everent.debug.xcconfig */,
				A4FA3C10C4C63B5842C24D1F /* Pods-Everent.release.xcconfig */,
			);
			path = Pods;
			sourceTree = "<group>";
		};
		72AAE7F72B72BBAF0017D217 = {
			isa = PBXGroup;
			children = (
				72AAE8022B72BBAF0017D217 /* Everent */,
				72AAE8012B72BBAF0017D217 /* Products */,
				1A2A2EB481BBA3051898B2AB /* Pods */,
				8F085658412F08B6B779DA81 /* Frameworks */,
			);
			sourceTree = "<group>";
		};
		72AAE8012B72BBAF0017D217 /* Products */ = {
			isa = PBXGroup;
			children = (
				72AAE8002B72BBAF0017D217 /* Everent.app */,
			);
			name = Products;
			sourceTree = "<group>";
		};
		72AAE8022B72BBAF0017D217 /* Everent */ = {
			isa = PBXGroup;
			children = (
				72AAE81A2B72BC270017D217 /* Resources */,
				72AAE8192B72BC1D0017D217 /* Models */,
				72AAE8172B72BC0A0017D217 /* Views */,
				72AAE8182B72BC140017D217 /* Controllers */,
				72AAE8112B72BBB00017D217 /* Info.plist */,
			);
			path = Everent;
			sourceTree = "<group>";
		};
		72AAE8172B72BC0A0017D217 /* Views */ = {
			isa = PBXGroup;
			children = (
				72AAE80C2B72BBB00017D217 /* Assets.xcassets */,
				72AAE81B2B72BC7E0017D217 /* Storyboards */,
			);
			path = Views;
			sourceTree = "<group>";
		};
		72AAE8182B72BC140017D217 /* Controllers */ = {
			isa = PBXGroup;
			children = (
				72AAE8252B72BDC30017D217 /* Other */,
				72AAE8242B72BD770017D217 /* Core Tabs */,
			);
			path = Controllers;
			sourceTree = "<group>";
		};
		72AAE8192B72BC1D0017D217 /* Models */ = {
			isa = PBXGroup;
			children = (
			);
			path = Models;
			sourceTree = "<group>";
		};
		72AAE81A2B72BC270017D217 /* Resources */ = {
			isa = PBXGroup;
			children = (
				72254CFF2B72D95D006B3CE2 /* GoogleService-Info.plist */,
				72AAE8032B72BBAF0017D217 /* AppDelegate.swift */,
				72AAE8052B72BBAF0017D217 /* SceneDelegate.swift */,
				72B6EE622B73FA55001C1B87 /* DatabaseManager.swift */,
				72B6EE642B73FB13001C1B87 /* AuthManager.swift */,
				72B6EE662B73FB62001C1B87 /* StorageManager.swift */,
				72B6EE682B740F15001C1B87 /* Extensions.swift */,
			);
			path = Resources;
			sourceTree = "<group>";
		};
		72AAE81B2B72BC7E0017D217 /* Storyboards */ = {
			isa = PBXGroup;
			children = (
				72AAE8092B72BBAF0017D217 /* Main.storyboard */,
				72AAE80E2B72BBB00017D217 /* LaunchScreen.storyboard */,
			);
			path = Storyboards;
			sourceTree = "<group>";
		};
		72AAE8242B72BD770017D217 /* Core Tabs */ = {
			isa = PBXGroup;
			children = (
				72AAE8072B72BBAF0017D217 /* HomeViewController.swift */,
				72AAE81C2B72BD2E0017D217 /* ExploreViewController.swift */,
				72AAE81E2B72BD450017D217 /* CameraViewController.swift */,
				72AAE8202B72BD540017D217 /* NotificationsViewController.swift */,
				72AAE8222B72BD5F0017D217 /* ProfileViewController.swift */,
			);
			path = "Core Tabs";
			sourceTree = "<group>";
		};
		72AAE8252B72BDC30017D217 /* Other */ = {
			isa = PBXGroup;
			children = (
				72AAE8262B72BDCC0017D217 /* Onboarding */,
				72B6EE612B73F99C001C1B87 /* General */,
			);
			path = Other;
			sourceTree = "<group>";
		};
		72AAE8262B72BDCC0017D217 /* Onboarding */ = {
			isa = PBXGroup;
			children = (
				72AAE8272B72BDE20017D217 /* LoginViewController.swift */,
				72AAE82A2B72BDFC0017D217 /* RegistrationViewController.swift */,
			);
			path = Onboarding;
			sourceTree = "<group>";
		};
		72B6EE612B73F99C001C1B87 /* General */ = {
			isa = PBXGroup;
			children = (
				72AAE82C2B72BE1C0017D217 /* PostViewController.swift */,
				72AAE82E2B72BE3D0017D217 /* EditProfileViewController.swift */,
				72AAE8302B72BE4E0017D217 /* SettingsViewController.swift */,
				72AAE8322B72BE610017D217 /* ListViewController.swift */,
				72AAE8342B72BE730017D217 /* SearchViewController.swift */,
				72AAE8362B72BE880017D217 /* SearchResultViewController.swift */,
				72AAE8382B72BEA60017D217 /* PostEditorViewController.swift */,
				72AAE83A2B72BF460017D217 /* PublishPostViewController.swift */,
			);
			path = General;
			sourceTree = "<group>";
		};
		8F085658412F08B6B779DA81 /* Frameworks */ = {
			isa = PBXGroup;
			children = (
				F00D5AAB98C30DB724720710 /* Pods_Everent.framework */,
			);
			name = Frameworks;
			sourceTree = "<group>";
		};
/* End PBXGroup section */

/* Begin PBXNativeTarget section */
		72AAE7FF2B72BBAF0017D217 /* Everent */ = {
			isa = PBXNativeTarget;
			buildConfigurationList = 72AAE8142B72BBB00017D217 /* Build configuration list for PBXNativeTarget "Everent" */;
			buildPhases = (
				5267C8C713E987D569AA9518 /* [CP] Check Pods Manifest.lock */,
				72AAE7FC2B72BBAF0017D217 /* Sources */,
				72AAE7FD2B72BBAF0017D217 /* Frameworks */,
				72AAE7FE2B72BBAF0017D217 /* Resources */,
				5C4943367E7F8CA79CD48661 /* [CP] Embed Pods Frameworks */,
			);
			buildRules = (
			);
			dependencies = (
			);
			name = Everent;
			productName = Everent;
			productReference = 72AAE8002B72BBAF0017D217 /* Everent.app */;
			productType = "com.apple.product-type.application";
		};
/* End PBXNativeTarget section */

/* Begin PBXProject section */
		72AAE7F82B72BBAF0017D217 /* Project object */ = {
			isa = PBXProject;
			attributes = {
				BuildIndependentTargetsInParallel = 1;
				LastSwiftUpdateCheck = 1520;
				LastUpgradeCheck = 1520;
				TargetAttributes = {
					72AAE7FF2B72BBAF0017D217 = {
						CreatedOnToolsVersion = 15.2;
					};
				};
			};
			buildConfigurationList = 72AAE7FB2B72BBAF0017D217 /* Build configuration list for PBXProject "Everent" */;
			compatibilityVersion = "Xcode 14.0";
			developmentRegion = en;
			hasScannedForEncodings = 0;
			knownRegions = (
				en,
				Base,
			);
			mainGroup = 72AAE7F72B72BBAF0017D217;
			productRefGroup = 72AAE8012B72BBAF0017D217 /* Products */;
			projectDirPath = "";
			projectRoot = "";
			targets = (
				72AAE7FF2B72BBAF0017D217 /* Everent */,
			);
		};
/* End PBXProject section */

/* Begin PBXResourcesBuildPhase section */
		72AAE7FE2B72BBAF0017D217 /* Resources */ = {
			isa = PBXResourcesBuildPhase;
			buildActionMask = 2147483647;
			files = (
				72AAE8102B72BBB00017D217 /* LaunchScreen.storyboard in Resources */,
				72254D002B72D95D006B3CE2 /* GoogleService-Info.plist in Resources */,
				72AAE80D2B72BBB00017D217 /* Assets.xcassets in Resources */,
				72AAE80B2B72BBAF0017D217 /* Main.storyboard in Resources */,
			);
			runOnlyForDeploymentPostprocessing = 0;
		};
/* End PBXResourcesBuildPhase section */

/* Begin PBXShellScriptBuildPhase section */
		5267C8C713E987D569AA9518 /* [CP] Check Pods Manifest.lock */ = {
			isa = PBXShellScriptBuildPhase;
			buildActionMask = 2147483647;
			files = (
			);
			inputFileListPaths = (
			);
			inputPaths = (
				"${PODS_PODFILE_DIR_PATH}/Podfile.lock",
				"${PODS_ROOT}/Manifest.lock",
			);
			name = "[CP] Check Pods Manifest.lock";
			outputFileListPaths = (
			);
			outputPaths = (
				"$(DERIVED_FILE_DIR)/Pods-Everent-checkManifestLockResult.txt",
			);
			runOnlyForDeploymentPostprocessing = 0;
			shellPath = /bin/sh;
			shellScript = "diff \"${PODS_PODFILE_DIR_PATH}/Podfile.lock\" \"${PODS_ROOT}/Manifest.lock\" > /dev/null\nif [ $? != 0 ] ; then\n    # print error to STDERR\n    echo \"error: The sandbox is not in sync with the Podfile.lock. Run 'pod install' or update your CocoaPods installation.\" >&2\n    exit 1\nfi\n# This output is used by Xcode 'outputs' to avoid re-running this script phase.\necho \"SUCCESS\" > \"${SCRIPT_OUTPUT_FILE_0}\"\n";
			showEnvVarsInLog = 0;
		};
		5C4943367E7F8CA79CD48661 /* [CP] Embed Pods Frameworks */ = {
			isa = PBXShellScriptBuildPhase;
			buildActionMask = 2147483647;
			files = (
			);
			inputFileListPaths = (
				"${PODS_ROOT}/Target Support Files/Pods-Everent/Pods-Everent-frameworks-${CONFIGURATION}-input-files.xcfilelist",
			);
			name = "[CP] Embed Pods Frameworks";
			outputFileListPaths = (
				"${PODS_ROOT}/Target Support Files/Pods-Everent/Pods-Everent-frameworks-${CONFIGURATION}-output-files.xcfilelist",
			);
			runOnlyForDeploymentPostprocessing = 0;
			shellPath = /bin/sh;
			shellScript = "\"${PODS_ROOT}/Target Support Files/Pods-Everent/Pods-Everent-frameworks.sh\"\n";
			showEnvVarsInLog = 0;
		};
/* End PBXShellScriptBuildPhase section */

/* Begin PBXSourcesBuildPhase section */
		72AAE7FC2B72BBAF0017D217 /* Sources */ = {
			isa = PBXSourcesBuildPhase;
			buildActionMask = 2147483647;
			files = (
				72AAE82F2B72BE3D0017D217 /* EditProfileViewController.swift in Sources */,
				72AAE81D2B72BD2E0017D217 /* ExploreViewController.swift in Sources */,
				72AAE83B2B72BF460017D217 /* PublishPostViewController.swift in Sources */,
				72AAE81F2B72BD450017D217 /* CameraViewController.swift in Sources */,
				72AAE8082B72BBAF0017D217 /* HomeViewController.swift in Sources */,
				72AAE82B2B72BDFC0017D217 /* RegistrationViewController.swift in Sources */,
				72AAE8392B72BEA60017D217 /* PostEditorViewController.swift in Sources */,
				72B6EE672B73FB62001C1B87 /* StorageManager.swift in Sources */,
				72AAE82D2B72BE1C0017D217 /* PostViewController.swift in Sources */,
				72B6EE632B73FA55001C1B87 /* DatabaseManager.swift in Sources */,
				72AAE8212B72BD540017D217 /* NotificationsViewController.swift in Sources */,
				72AAE8372B72BE880017D217 /* SearchResultViewController.swift in Sources */,
				72AAE8282B72BDE20017D217 /* LoginViewController.swift in Sources */,
				72B6EE692B740F15001C1B87 /* Extensions.swift in Sources */,
				72AAE8352B72BE730017D217 /* SearchViewController.swift in Sources */,
				72AAE8232B72BD5F0017D217 /* ProfileViewController.swift in Sources */,
				72B6EE652B73FB13001C1B87 /* AuthManager.swift in Sources */,
				72AAE8042B72BBAF0017D217 /* AppDelegate.swift in Sources */,
				72AAE8062B72BBAF0017D217 /* SceneDelegate.swift in Sources */,
				72AAE8332B72BE610017D217 /* ListViewController.swift in Sources */,
				72AAE8312B72BE4E0017D217 /* SettingsViewController.swift in Sources */,
			);
			runOnlyForDeploymentPostprocessing = 0;
		};
/* End PBXSourcesBuildPhase section */

/* Begin PBXVariantGroup section */
		72AAE8092B72BBAF0017D217 /* Main.storyboard */ = {
			isa = PBXVariantGroup;
			children = (
				72AAE80A2B72BBAF0017D217 /* Base */,
			);
			name = Main.storyboard;
			sourceTree = "<group>";
		};
		72AAE80E2B72BBB00017D217 /* LaunchScreen.storyboard */ = {
			isa = PBXVariantGroup;
			children = (
				72AAE80F2B72BBB00017D217 /* Base */,
			);
			name = LaunchScreen.storyboard;
			sourceTree = "<group>";
		};
/* End PBXVariantGroup section */

/* Begin XCBuildConfiguration section */
		72AAE8122B72BBB00017D217 /* Debug */ = {
			isa = XCBuildConfiguration;
			buildSettings = {
				ALWAYS_SEARCH_USER_PATHS = NO;
				ASSETCATALOG_COMPILER_GENERATE_SWIFT_ASSET_SYMBOL_EXTENSIONS = YES;
				CLANG_ANALYZER_NONNULL = YES;
				CLANG_ANALYZER_NUMBER_OBJECT_CONVERSION = YES_AGGRESSIVE;
				CLANG_CXX_LANGUAGE_STANDARD = "gnu++20";
				CLANG_ENABLE_MODULES = YES;
				CLANG_ENABLE_OBJC_ARC = YES;
				CLANG_ENABLE_OBJC_WEAK = YES;
				CLANG_WARN_BLOCK_CAPTURE_AUTORELEASING = YES;
				CLANG_WARN_BOOL_CONVERSION = YES;
				CLANG_WARN_COMMA = YES;
				CLANG_WARN_CONSTANT_CONVERSION = YES;
				CLANG_WARN_DEPRECATED_OBJC_IMPLEMENTATIONS = YES;
				CLANG_WARN_DIRECT_OBJC_ISA_USAGE = YES_ERROR;
				CLANG_WARN_DOCUMENTATION_COMMENTS = YES;
				CLANG_WARN_EMPTY_BODY = YES;
				CLANG_WARN_ENUM_CONVERSION = YES;
				CLANG_WARN_INFINITE_RECURSION = YES;
				CLANG_WARN_INT_CONVERSION = YES;
				CLANG_WARN_NON_LITERAL_NULL_CONVERSION = YES;
				CLANG_WARN_OBJC_IMPLICIT_RETAIN_SELF = YES;
				CLANG_WARN_OBJC_LITERAL_CONVERSION = YES;
				CLANG_WARN_OBJC_ROOT_CLASS = YES_ERROR;
				CLANG_WARN_QUOTED_INCLUDE_IN_FRAMEWORK_HEADER = YES;
				CLANG_WARN_RANGE_LOOP_ANALYSIS = YES;
				CLANG_WARN_STRICT_PROTOTYPES = YES;
				CLANG_WARN_SUSPICIOUS_MOVE = YES;
				CLANG_WARN_UNGUARDED_AVAILABILITY = YES_AGGRESSIVE;
				CLANG_WARN_UNREACHABLE_CODE = YES;
				CLANG_WARN__DUPLICATE_METHOD_MATCH = YES;
				COPY_PHASE_STRIP = NO;
				DEBUG_INFORMATION_FORMAT = dwarf;
				ENABLE_STRICT_OBJC_MSGSEND = YES;
				ENABLE_TESTABILITY = YES;
				ENABLE_USER_SCRIPT_SANDBOXING = NO;
				GCC_C_LANGUAGE_STANDARD = gnu17;
				GCC_DYNAMIC_NO_PIC = NO;
				GCC_NO_COMMON_BLOCKS = YES;
				GCC_OPTIMIZATION_LEVEL = 0;
				GCC_PREPROCESSOR_DEFINITIONS = (
					"DEBUG=1",
					"$(inherited)",
				);
				GCC_WARN_64_TO_32_BIT_CONVERSION = YES;
				GCC_WARN_ABOUT_RETURN_TYPE = YES_ERROR;
				GCC_WARN_UNDECLARED_SELECTOR = YES;
				GCC_WARN_UNINITIALIZED_AUTOS = YES_AGGRESSIVE;
				GCC_WARN_UNUSED_FUNCTION = YES;
				GCC_WARN_UNUSED_VARIABLE = YES;
				IPHONEOS_DEPLOYMENT_TARGET = 17.2;
				LOCALIZATION_PREFERS_STRING_CATALOGS = YES;
				MTL_ENABLE_DEBUG_INFO = INCLUDE_SOURCE;
				MTL_FAST_MATH = YES;
				ONLY_ACTIVE_ARCH = YES;
				SDKROOT = iphoneos;
				SWIFT_ACTIVE_COMPILATION_CONDITIONS = "DEBUG $(inherited)";
				SWIFT_OPTIMIZATION_LEVEL = "-Onone";
			};
			name = Debug;
		};
		72AAE8132B72BBB00017D217 /* Release */ = {
			isa = XCBuildConfiguration;
			buildSettings = {
				ALWAYS_SEARCH_USER_PATHS = NO;
				ASSETCATALOG_COMPILER_GENERATE_SWIFT_ASSET_SYMBOL_EXTENSIONS = YES;
				CLANG_ANALYZER_NONNULL = YES;
				CLANG_ANALYZER_NUMBER_OBJECT_CONVERSION = YES_AGGRESSIVE;
				CLANG_CXX_LANGUAGE_STANDARD = "gnu++20";
				CLANG_ENABLE_MODULES = YES;
				CLANG_ENABLE_OBJC_ARC = YES;
				CLANG_ENABLE_OBJC_WEAK = YES;
				CLANG_WARN_BLOCK_CAPTURE_AUTORELEASING = YES;
				CLANG_WARN_BOOL_CONVERSION = YES;
				CLANG_WARN_COMMA = YES;
				CLANG_WARN_CONSTANT_CONVERSION = YES;
				CLANG_WARN_DEPRECATED_OBJC_IMPLEMENTATIONS = YES;
				CLANG_WARN_DIRECT_OBJC_ISA_USAGE = YES_ERROR;
				CLANG_WARN_DOCUMENTATION_COMMENTS = YES;
				CLANG_WARN_EMPTY_BODY = YES;
				CLANG_WARN_ENUM_CONVERSION = YES;
				CLANG_WARN_INFINITE_RECURSION = YES;
				CLANG_WARN_INT_CONVERSION = YES;
				CLANG_WARN_NON_LITERAL_NULL_CONVERSION = YES;
				CLANG_WARN_OBJC_IMPLICIT_RETAIN_SELF = YES;
				CLANG_WARN_OBJC_LITERAL_CONVERSION = YES;
				CLANG_WARN_OBJC_ROOT_CLASS = YES_ERROR;
				CLANG_WARN_QUOTED_INCLUDE_IN_FRAMEWORK_HEADER = YES;
				CLANG_WARN_RANGE_LOOP_ANALYSIS = YES;
				CLANG_WARN_STRICT_PROTOTYPES = YES;
				CLANG_WARN_SUSPICIOUS_MOVE = YES;
				CLANG_WARN_UNGUARDED_AVAILABILITY = YES_AGGRESSIVE;
				CLANG_WARN_UNREACHABLE_CODE = YES;
				CLANG_WARN__DUPLICATE_METHOD_MATCH = YES;
				COPY_PHASE_STRIP = NO;
				DEBUG_INFORMATION_FORMAT = "dwarf-with-dsym";
				ENABLE_NS_ASSERTIONS = NO;
				ENABLE_STRICT_OBJC_MSGSEND = YES;
				ENABLE_USER_SCRIPT_SANDBOXING = NO;
				GCC_C_LANGUAGE_STANDARD = gnu17;
				GCC_NO_COMMON_BLOCKS = YES;
				GCC_WARN_64_TO_32_BIT_CONVERSION = YES;
				GCC_WARN_ABOUT_RETURN_TYPE = YES_ERROR;
				GCC_WARN_UNDECLARED_SELECTOR = YES;
				GCC_WARN_UNINITIALIZED_AUTOS = YES_AGGRESSIVE;
				GCC_WARN_UNUSED_FUNCTION = YES;
				GCC_WARN_UNUSED_VARIABLE = YES;
				IPHONEOS_DEPLOYMENT_TARGET = 17.2;
				LOCALIZATION_PREFERS_STRING_CATALOGS = YES;
				MTL_ENABLE_DEBUG_INFO = NO;
				MTL_FAST_MATH = YES;
				SDKROOT = iphoneos;
				SWIFT_COMPILATION_MODE = wholemodule;
				VALIDATE_PRODUCT = YES;
			};
			name = Release;
		};
		72AAE8152B72BBB00017D217 /* Debug */ = {
			isa = XCBuildConfiguration;
			baseConfigurationReference = AA97A5AFA5F7E3B1C78B66EA /* Pods-Everent.debug.xcconfig */;
			buildSettings = {
				ASSETCATALOG_COMPILER_APPICON_NAME = AppIcon;
				ASSETCATALOG_COMPILER_GLOBAL_ACCENT_COLOR_NAME = AccentColor;
				CODE_SIGN_STYLE = Automatic;
				CURRENT_PROJECT_VERSION = 1;
				DEVELOPMENT_TEAM = 7VVXP36UX5;
				GENERATE_INFOPLIST_FILE = YES;
				INFOPLIST_FILE = Everent/Info.plist;
				INFOPLIST_KEY_UIApplicationSupportsIndirectInputEvents = YES;
				INFOPLIST_KEY_UILaunchStoryboardName = LaunchScreen;
				INFOPLIST_KEY_UIMainStoryboardFile = Main;
				INFOPLIST_KEY_UISupportedInterfaceOrientations = UIInterfaceOrientationPortrait;
				LD_RUNPATH_SEARCH_PATHS = (
					"$(inherited)",
					"@executable_path/Frameworks",
				);
				MARKETING_VERSION = 1.0;
				PRODUCT_BUNDLE_IDENTIFIER = tommyde97.Everent;
				PRODUCT_NAME = "$(TARGET_NAME)";
				SWIFT_EMIT_LOC_STRINGS = YES;
				SWIFT_VERSION = 5.0;
				TARGETED_DEVICE_FAMILY = "1,2";
			};
			name = Debug;
		};
		72AAE8162B72BBB00017D217 /* Release */ = {
			isa = XCBuildConfiguration;
			baseConfigurationReference = A4FA3C10C4C63B5842C24D1F /* Pods-Everent.release.xcconfig */;
			buildSettings = {
				ASSETCATALOG_COMPILER_APPICON_NAME = AppIcon;
				ASSETCATALOG_COMPILER_GLOBAL_ACCENT_COLOR_NAME = AccentColor;
				CODE_SIGN_STYLE = Automatic;
				CURRENT_PROJECT_VERSION = 1;
				DEVELOPMENT_TEAM = 7VVXP36UX5;
				GENERATE_INFOPLIST_FILE = YES;
				INFOPLIST_FILE = Everent/Info.plist;
				INFOPLIST_KEY_UIApplicationSupportsIndirectInputEvents = YES;
				INFOPLIST_KEY_UILaunchStoryboardName = LaunchScreen;
				INFOPLIST_KEY_UIMainStoryboardFile = Main;
				INFOPLIST_KEY_UISupportedInterfaceOrientations = UIInterfaceOrientationPortrait;
				LD_RUNPATH_SEARCH_PATHS = (
					"$(inherited)",
					"@executable_path/Frameworks",
				);
				MARKETING_VERSION = 1.0;
				PRODUCT_BUNDLE_IDENTIFIER = tommyde97.Everent;
				PRODUCT_NAME = "$(TARGET_NAME)";
				SWIFT_EMIT_LOC_STRINGS = YES;
				SWIFT_VERSION = 5.0;
				TARGETED_DEVICE_FAMILY = "1,2";
			};
			name = Release;
		};
/* End XCBuildConfiguration section */

/* Begin XCConfigurationList section */
		72AAE7FB2B72BBAF0017D217 /* Build configuration list for PBXProject "Everent" */ = {
			isa = XCConfigurationList;
			buildConfigurations = (
				72AAE8122B72BBB00017D217 /* Debug */,
				72AAE8132B72BBB00017D217 /* Release */,
			);
			defaultConfigurationIsVisible = 0;
			defaultConfigurationName = Release;
		};
		72AAE8142B72BBB00017D217 /* Build configuration list for PBXNativeTarget "Everent" */ = {
			isa = XCConfigurationList;
			buildConfigurations = (
				72AAE8152B72BBB00017D217 /* Debug */,
				72AAE8162B72BBB00017D217 /* Release */,
			);
			defaultConfigurationIsVisible = 0;
			defaultConfigurationName = Release;
		};
/* End XCConfigurationList section */
	};
	rootObject = 72AAE7F82B72BBAF0017D217 /* Project object */;
}
